<?xml version="1.0" encoding="UTF-8"?>
<Scheme
   LastUpgradeVersion = "0620"
   version = "1.3">
   <BuildAction
      parallelizeBuildables = "YES"
      buildImplicitDependencies = "YES">
      <BuildActionEntries>
         <BuildActionEntry
            buildForTesting = "YES"
            buildForRunning = "YES"
            buildForProfiling = "YES"
            buildForArchiving = "YES"
            buildForAnalyzing = "YES">
            <BuildableReference
               BuildableIdentifier = "primary"
               BlueprintIdentifier = "291D0B371B85BD4700149663"
               BuildableName = "iPhoneToiWatch WatchKit App.app"
               BlueprintName = "iPhoneToiWatch WatchKit App"
               ReferencedContainer = "container:iPhoneToiWatch.xcodeproj">
            </BuildableReference>
         </BuildActionEntry>
         <BuildActionEntry
            buildForTesting = "YES"
            buildForRunning = "YES"
            buildForProfiling = "YES"
            buildForArchiving = "YES"
            buildForAnalyzing = "YES">
            <BuildableReference
               BuildableIdentifier = "primary"
               BlueprintIdentifier = "291D0B011B85BD3900149663"
               BuildableName = "iPhoneToiWatch.app"
               BlueprintName = "iPhoneToiWatch"
               ReferencedContainer = "container:iPhoneToiWatch.xcodeproj">
            </BuildableReference>
         </BuildActionEntry>
         <BuildActionEntry
            buildForTesting = "YES"
            buildForRunning = "YES"
            buildForProfiling = "YES"
            buildForArchiving = "YES"
            buildForAnalyzing = "YES">
            <BuildableReference
               BuildableIdentifier = "primary"
               BlueprintIdentifier = "291D0B2A1B85BD4600149663"
               BuildableName = "iPhoneToiWatch WatchKit Extension.appex"
               BlueprintName = "iPhoneToiWatch WatchKit Extension"
               ReferencedContainer = "container:iPhoneToiWatch.xcodeproj">
            </BuildableReference>
         </BuildActionEntry>
      </BuildActionEntries>
   </BuildAction>
   <TestAction
      selectedDebuggerIdentifier = "Xcode.DebuggerFoundation.Debugger.LLDB"
      selectedLauncherIdentifier = "Xcode.DebuggerFoundation.Launcher.LLDB"
      shouldUseLaunchSchemeArgsEnv = "YES"
      buildConfiguration = "Debug">
      <Testables>
      </Testables>
      <MacroExpansion>
         <BuildableReference
            BuildableIdentifier = "primary"
            BlueprintIdentifier = "291D0B371B85BD4700149663"
            BuildableName = "iPhoneToiWatch WatchKit App.app"
            BlueprintName = "iPhoneToiWatch WatchKit App"
            ReferencedContainer = "container:iPhoneToiWatch.xcodeproj">
         </BuildableReference>
      </MacroExpansion>
   </TestAction>
   <LaunchAction
      selectedDebuggerIdentifier = "Xcode.DebuggerFoundation.Debugger.LLDB"
      selectedLauncherIdentifier = "Xcode.DebuggerFoundation.Launcher.LLDB"
      launchStyle = "0"
      useCustomWorkingDirectory = "NO"
      buildConfiguration = "Debug"
      ignoresPersistentStateOnLaunch = "NO"
      debugDocumentVersioning = "YES"
      allowLocationSimulation = "YES">
      <RemoteRunnable
         runnableDebuggingMode = "2"
         BundleIdentifier = "com.apple.springboard"
         RemotePath = "/iPhoneToiWatch">
         <BuildableReference
            BuildableIdentifier = "primary"
            BlueprintIdentifier = "291D0B371B85BD4700149663"
            BuildableName = "iPhoneToiWatch WatchKit App.app"
            BlueprintName = "iPhoneToiWatch WatchKit App"
            ReferencedContainer = "container:iPhoneToiWatch.xcodeproj">
         </BuildableReference>
      </RemoteRunnable>
      <MacroExpansion>
         <BuildableReference
            BuildableIdentifier = "primary"
            BlueprintIdentifier = "291D0B371B85BD4700149663"
            BuildableName = "iPhoneToiWatch WatchKit App.app"
            BlueprintName = "iPhoneToiWatch WatchKit App"
            ReferencedContainer = "container:iPhoneToiWatch.xcodeproj">
         </BuildableReference>
      </MacroExpansion>
      <AdditionalOptions>
      </AdditionalOptions>
   </LaunchAction>
   <ProfileAction
      shouldUseLaunchSchemeArgsEnv = "YES"
      savedToolIdentifier = ""
      useCustomWorkingDirectory = "NO"
      buildConfiguration = "Release"
      debugDocumentVersioning = "YES">
      <RemoteRunnable
         runnableDebuggingMode = "2"
         BundleIdentifier = "com.apple.springboard"
         RemotePath = "/iPhoneToiWatch">
         <BuildableReference
            BuildableIdentifier = "primary"
            BlueprintIdentifier = "291D0B371B85BD4700149663"
            BuildableName = "iPhoneToiWatch WatchKit App.app"
            BlueprintName = "iPhoneToiWatch WatchKit App"
            ReferencedContainer = "container:iPhoneToiWatch.xcodeproj">
         </BuildableReference>
      </RemoteRunnable>
      <MacroExpansion>
         <BuildableReference
            BuildableIdentifier = "primary"
            BlueprintIdentifier = "291D0B371B85BD4700149663"
            BuildableName = "iPhoneToiWatch WatchKit App.app"
            BlueprintName = "iPhoneToiWatch WatchKit App"
            ReferencedContainer = "container:iPhoneToiWatch.xcodeproj">
         </BuildableReference>
      </MacroExpansion>
   </ProfileAction>
   <AnalyzeAction
      buildConfiguration = "Debug">
   </AnalyzeAction>
   <ArchiveAction
      buildConfiguration = "Release"
      revealArchiveInOrganizer = "YES">
   </ArchiveAction>
</Scheme>
