// !$*UTF8*$!
{
	archiveVersion = 1;
	classes = {
	};
	objectVersion = 46;
	objects = {

/* Begin PBXBuildFile section */
		2917CF791B65C5070052732D /* main.m in Sources */ = {isa = PBXBuildFile; fileRef = 2917CF781B65C5070052732D /* main.m */; };
		2917CF7C1B65C5070052732D /* AppDelegate.m in Sources */ = {isa = PBXBuildFile; fileRef = 2917CF7B1B65C5070052732D /* AppDelegate.m */; };
		2917CF7F1B65C5070052732D /* ViewController.m in Sources */ = {isa = PBXBuildFile; fileRef = 2917CF7E1B65C5070052732D /* ViewController.m */; };
		2917CF821B65C5070052732D /* Main.storyboard in Resources */ = {isa = PBXBuildFile; fileRef = 2917CF801B65C5070052732D /* Main.storyboard */; };
		2917CF841B65C5070052732D /* Images.xcassets in Resources */ = {isa = PBXBuildFile; fileRef = 2917CF831B65C5070052732D /* Images.xcassets */; };
		2917CF871B65C5070052732D /* LaunchScreen.xib in Resources */ = {isa = PBXBuildFile; fileRef = 2917CF851B65C5070052732D /* LaunchScreen.xib */; };
		2917CF931B65C5070052732D /* UIView__________Tests.m in Sources */ = {isa = PBXBuildFile; fileRef = 2917CF921B65C5070052732D /* UIView__________Tests.m */; };
/* End PBXBuildFile section */

/* Begin PBXContainerItemProxy section */
		2917CF8D1B65C5070052732D /* PBXContainerItemProxy */ = {
			isa = PBXContainerItemProxy;
			containerPortal = 2917CF6B1B65C5070052732D /* Project object */;
			proxyType = 1;
			remoteGlobalIDString = 2917CF721B65C5070052732D;
			remoteInfo = "UIView获取相对于屏幕的位置";
		};
/* End PBXContainerItemProxy section */

/* Begin PBXFileReference section */
		2917CF731B65C5070052732D /* UIView获取相对于屏幕的位置.app */ = {isa = PBXFileReference; explicitFileType = wrapper.application; includeInIndex = 0; path = "UIView获取相对于屏幕的位置.app"; sourceTree = BUILT_PRODUCTS_DIR; };
		2917CF771B65C5070052732D /* Info.plist */ = {isa = PBXFileReference; lastKnownFileType = text.plist.xml; path = Info.plist; sourceTree = "<group>"; };
		2917CF781B65C5070052732D /* main.m */ = {isa = PBXFileReference; lastKnownFileType = sourcecode.c.objc; path = main.m; sourceTree = "<group>"; };
		2917CF7A1B65C5070052732D /* AppDelegate.h */ = {isa = PBXFileReference; lastKnownFileType = sourcecode.c.h; path = AppDelegate.h; sourceTree = "<group>"; };
		2917CF7B1B65C5070052732D /* AppDelegate.m */ = {isa = PBXFileReference; lastKnownFileType = sourcecode.c.objc; path = AppDelegate.m; sourceTree = "<group>"; };
		2917CF7D1B65C5070052732D /* ViewController.h */ = {isa = PBXFileReference; lastKnownFileType = sourcecode.c.h; path = ViewController.h; sourceTree = "<group>"; };
		2917CF7E1B65C5070052732D /* ViewController.m */ = {isa = PBXFileReference; lastKnownFileType = sourcecode.c.objc; path = ViewController.m; sourceTree = "<group>"; };
		2917CF811B65C5070052732D /* Base */ = {isa = PBXFileReference; lastKnownFileType = file.storyboard; name = Base; path = Base.lproj/Main.storyboard; sourceTree = "<group>"; };
		2917CF831B65C5070052732D /* Images.xcassets */ = {isa = PBXFileReference; lastKnownFileType = folder.assetcatalog; path = Images.xcassets; sourceTree = "<group>"; };
		2917CF861B65C5070052732D /* Base */ = {isa = PBXFileReference; lastKnownFileType = file.xib; name = Base; path = Base.lproj/LaunchScreen.xib; sourceTree = "<group>"; };
		2917CF8C1B65C5070052732D /* UIView获取相对于屏幕的位置Tests.xctest */ = {isa = PBXFileReference; explicitFileType = wrapper.cfbundle; includeInIndex = 0; path = "UIView获取相对于屏幕的位置Tests.xctest"; sourceTree = BUILT_PRODUCTS_DIR; };
		2917CF911B65C5070052732D /* Info.plist */ = {isa = PBXFileReference; lastKnownFileType = text.plist.xml; path = Info.plist; sourceTree = "<group>"; };
		2917CF921B65C5070052732D /* UIView__________Tests.m */ = {isa = PBXFileReference; lastKnownFileType = sourcecode.c.objc; path = "UIView__________Tests.m"; sourceTree = "<group>"; };
/* End PBXFileReference section */

/* Begin PBXFrameworksBuildPhase section */
		2917CF701B65C5070052732D /* Frameworks */ = {
			isa = PBXFrameworksBuildPhase;
			buildActionMask = 2147483647;
			files = (
			);
			runOnlyForDeploymentPostprocessing = 0;
		};
		2917CF891B65C5070052732D /* Frameworks */ = {
			isa = PBXFrameworksBuildPhase;
			buildActionMask = 2147483647;
			files = (
			);
			runOnlyForDeploymentPostprocessing = 0;
		};
/* End PBXFrameworksBuildPhase section */

/* Begin PBXGroup section */
		2917CF6A1B65C5070052732D = {
			isa = PBXGroup;
			children = (
				2917CF751B65C5070052732D /* UIView获取相对于屏幕的位置 */,
				2917CF8F1B65C5070052732D /* UIView获取相对于屏幕的位置Tests */,
				2917CF741B65C5070052732D /* Products */,
			);
			sourceTree = "<group>";
		};
		2917CF741B65C5070052732D /* Products */ = {
			isa = PBXGroup;
			children = (
				2917CF731B65C5070052732D /* UIView获取相对于屏幕的位置.app */,
				2917CF8C1B65C5070052732D /* UIView获取相对于屏幕的位置Tests.xctest */,
			);
			name = Products;
			sourceTree = "<group>";
		};
		2917CF751B65C5070052732D /* UIView获取相对于屏幕的位置 */ = {
			isa = PBXGroup;
			children = (
				2917CF7A1B65C5070052732D /* AppDelegate.h */,
				2917CF7B1B65C5070052732D /* AppDelegate.m */,
				2917CF7D1B65C5070052732D /* ViewController.h */,
				2917CF7E1B65C5070052732D /* ViewController.m */,
				2917CF801B65C5070052732D /* Main.storyboard */,
				2917CF831B65C5070052732D /* Images.xcassets */,
				2917CF851B65C5070052732D /* LaunchScreen.xib */,
				2917CF761B65C5070052732D /* Supporting Files */,
			);
			path = "UIView获取相对于屏幕的位置";
			sourceTree = "<group>";
		};
		2917CF761B65C5070052732D /* Supporting Files */ = {
			isa = PBXGroup;
			children = (
				2917CF771B65C5070052732D /* Info.plist */,
				2917CF781B65C5070052732D /* main.m */,
			);
			name = "Supporting Files";
			sourceTree = "<group>";
		};
		2917CF8F1B65C5070052732D /* UIView获取相对于屏幕的位置Tests */ = {
			isa = PBXGroup;
			children = (
				2917CF921B65C5070052732D /* UIView__________Tests.m */,
				2917CF901B65C5070052732D /* Supporting Files */,
			);
			path = "UIView获取相对于屏幕的位置Tests";
			sourceTree = "<group>";
		};
		2917CF901B65C5070052732D /* Supporting Files */ = {
			isa = PBXGroup;
			children = (
				2917CF911B65C5070052732D /* Info.plist */,
			);
			name = "Supporting Files";
			sourceTree = "<group>";
		};
/* End PBXGroup section */

/* Begin PBXNativeTarget section */
		2917CF721B65C5070052732D /* UIView获取相对于屏幕的位置 */ = {
			isa = PBXNativeTarget;
			buildConfigurationList = 2917CF961B65C5070052732D /* Build configuration list for PBXNativeTarget "UIView获取相对于屏幕的位置" */;
			buildPhases = (
				2917CF6F1B65C5070052732D /* Sources */,
				2917CF701B65C5070052732D /* Frameworks */,
				2917CF711B65C5070052732D /* Resources */,
			);
			buildRules = (
			);
			dependencies = (
			);
			name = "UIView获取相对于屏幕的位置";
			productName = "UIView获取相对于屏幕的位置";
			productReference = 2917CF731B65C5070052732D /* UIView获取相对于屏幕的位置.app */;
			productType = "com.apple.product-type.application";
		};
		2917CF8B1B65C5070052732D /* UIView获取相对于屏幕的位置Tests */ = {
			isa = PBXNativeTarget;
			buildConfigurationList = 2917CF991B65C5070052732D /* Build configuration list for PBXNativeTarget "UIView获取相对于屏幕的位置Tests" */;
			buildPhases = (
				2917CF881B65C5070052732D /* Sources */,
				2917CF891B65C5070052732D /* Frameworks */,
				2917CF8A1B65C5070052732D /* Resources */,
			);
			buildRules = (
			);
			dependencies = (
				2917CF8E1B65C5070052732D /* PBXTargetDependency */,
			);
			name = "UIView获取相对于屏幕的位置Tests";
			productName = "UIView获取相对于屏幕的位置Tests";
			productReference = 2917CF8C1B65C5070052732D /* UIView获取相对于屏幕的位置Tests.xctest */;
			productType = "com.apple.product-type.bundle.unit-test";
		};
/* End PBXNativeTarget section */

/* Begin PBXProject section */
		2917CF6B1B65C5070052732D /* Project object */ = {
			isa = PBXProject;
			attributes = {
				LastUpgradeCheck = 0630;
				ORGANIZATIONNAME = lqq;
				TargetAttributes = {
					2917CF721B65C5070052732D = {
						CreatedOnToolsVersion = 6.3.2;
					};
					2917CF8B1B65C5070052732D = {
						CreatedOnToolsVersion = 6.3.2;
						TestTargetID = 2917CF721B65C5070052732D;
					};
				};
			};
			buildConfigurationList = 2917CF6E1B65C5070052732D /* Build configuration list for PBXProject "UIView获取相对于屏幕的位置" */;
			compatibilityVersion = "Xcode 3.2";
			developmentRegion = English;
			hasScannedForEncodings = 0;
			knownRegions = (
				en,
				Base,
			);
			mainGroup = 2917CF6A1B65C5070052732D;
			productRefGroup = 2917CF741B65C5070052732D /* Products */;
			projectDirPath = "";
			projectRoot = "";
			targets = (
				2917CF721B65C5070052732D /* UIView获取相对于屏幕的位置 */,
				2917CF8B1B65C5070052732D /* UIView获取相对于屏幕的位置Tests */,
			);
		};
/* End PBXProject section */

/* Begin PBXResourcesBuildPhase section */
		2917CF711B65C5070052732D /* Resources */ = {
			isa = PBXResourcesBuildPhase;
			buildActionMask = 2147483647;
			files = (
				2917CF821B65C5070052732D /* Main.storyboard in Resources */,
				2917CF871B65C5070052732D /* LaunchScreen.xib in Resources */,
				2917CF841B65C5070052732D /* Images.xcassets in Resources */,
			);
			runOnlyForDeploymentPostprocessing = 0;
		};
		2917CF8A1B65C5070052732D /* Resources */ = {
			isa = PBXResourcesBuildPhase;
			buildActionMask = 2147483647;
			files = (
			);
			runOnlyForDeploymentPostprocessing = 0;
		};
/* End PBXResourcesBuildPhase section */

/* Begin PBXSourcesBuildPhase section */
		2917CF6F1B65C5070052732D /* Sources */ = {
			isa = PBXSourcesBuildPhase;
			buildActionMask = 2147483647;
			files = (
				2917CF7F1B65C5070052732D /* ViewController.m in Sources */,
				2917CF7C1B65C5070052732D /* AppDelegate.m in Sources */,
				2917CF791B65C5070052732D /* main.m in Sources */,
			);
			runOnlyForDeploymentPostprocessing = 0;
		};
		2917CF881B65C5070052732D /* Sources */ = {
			isa = PBXSourcesBuildPhase;
			buildActionMask = 2147483647;
			files = (
				2917CF931B65C5070052732D /* UIView__________Tests.m in Sources */,
			);
			runOnlyForDeploymentPostprocessing = 0;
		};
/* End PBXSourcesBuildPhase section */

/* Begin PBXTargetDependency section */
		2917CF8E1B65C5070052732D /* PBXTargetDependency */ = {
			isa = PBXTargetDependency;
			target = 2917CF721B65C5070052732D /* UIView获取相对于屏幕的位置 */;
			targetProxy = 2917CF8D1B65C5070052732D /* PBXContainerItemProxy */;
		};
/* End PBXTargetDependency section */

/* Begin PBXVariantGroup section */
		2917CF801B65C5070052732D /* Main.storyboard */ = {
			isa = PBXVariantGroup;
			children = (
				2917CF811B65C5070052732D /* Base */,
			);
			name = Main.storyboard;
			sourceTree = "<group>";
		};
		2917CF851B65C5070052732D /* LaunchScreen.xib */ = {
			isa = PBXVariantGroup;
			children = (
				2917CF861B65C5070052732D /* Base */,
			);
			name = LaunchScreen.xib;
			sourceTree = "<group>";
		};
/* End PBXVariantGroup section */

/* Begin XCBuildConfiguration section */
		2917CF941B65C5070052732D /* Debug */ = {
			isa = XCBuildConfiguration;
			buildSettings = {
				ALWAYS_SEARCH_USER_PATHS = NO;
				CLANG_CXX_LANGUAGE_STANDARD = "gnu++0x";
				CLANG_CXX_LIBRARY = "libc++";
				CLANG_ENABLE_MODULES = YES;
				CLANG_ENABLE_OBJC_ARC = YES;
				CLANG_WARN_BOOL_CONVERSION = YES;
				CLANG_WARN_CONSTANT_CONVERSION = YES;
				CLANG_WARN_DIRECT_OBJC_ISA_USAGE = YES_ERROR;
				CLANG_WARN_EMPTY_BODY = YES;
				CLANG_WARN_ENUM_CONVERSION = YES;
				CLANG_WARN_INT_CONVERSION = YES;
				CLANG_WARN_OBJC_ROOT_CLASS = YES_ERROR;
				CLANG_WARN_UNREACHABLE_CODE = YES;
				CLANG_WARN__DUPLICATE_METHOD_MATCH = YES;
				"CODE_SIGN_IDENTITY[sdk=iphoneos*]" = "iPhone Developer";
				COPY_PHASE_STRIP = NO;
				DEBUG_INFORMATION_FORMAT = "dwarf-with-dsym";
				ENABLE_STRICT_OBJC_MSGSEND = YES;
				GCC_C_LANGUAGE_STANDARD = gnu99;
				GCC_DYNAMIC_NO_PIC = NO;
				GCC_NO_COMMON_BLOCKS = YES;
				GCC_OPTIMIZATION_LEVEL = 0;
				GCC_PREPROCESSOR_DEFINITIONS = (
					"DEBUG=1",
					"$(inherited)",
				);
				GCC_SYMBOLS_PRIVATE_EXTERN = NO;
				GCC_WARN_64_TO_32_BIT_CONVERSION = YES;
				GCC_WARN_ABOUT_RETURN_TYPE = YES_ERROR;
				GCC_WARN_UNDECLARED_SELECTOR = YES;
				GCC_WARN_UNINITIALIZED_AUTOS = YES_AGGRESSIVE;
				GCC_WARN_UNUSED_FUNCTION = YES;
				GCC_WARN_UNUSED_VARIABLE = YES;
				IPHONEOS_DEPLOYMENT_TARGET = 8.3;
				MTL_ENABLE_DEBUG_INFO = YES;
				ONLY_ACTIVE_ARCH = YES;
				SDKROOT = iphoneos;
			};
			name = Debug;
		};
		2917CF951B65C5070052732D /* Release */ = {
			isa = XCBuildConfiguration;
			buildSettings = {
				ALWAYS_SEARCH_USER_PATHS = NO;
				CLANG_CXX_LANGUAGE_STANDARD = "gnu++0x";
				CLANG_CXX_LIBRARY = "libc++";
				CLANG_ENABLE_MODULES = YES;
				CLANG_ENABLE_OBJC_ARC = YES;
				CLANG_WARN_BOOL_CONVERSION = YES;
				CLANG_WARN_CONSTANT_CONVERSION = YES;
				CLANG_WARN_DIRECT_OBJC_ISA_USAGE = YES_ERROR;
				CLANG_WARN_EMPTY_BODY = YES;
				CLANG_WARN_ENUM_CONVERSION = YES;
				CLANG_WARN_INT_CONVERSION = YES;
				CLANG_WARN_OBJC_ROOT_CLASS = YES_ERROR;
				CLANG_WARN_UNREACHABLE_CODE = YES;
				CLANG_WARN__DUPLICATE_METHOD_MATCH = YES;
				"CODE_SIGN_IDENTITY[sdk=iphoneos*]" = "iPhone Developer";
				COPY_PHASE_STRIP = NO;
				DEBUG_INFORMATION_FORMAT = "dwarf-with-dsym";
				ENABLE_NS_ASSERTIONS = NO;
				ENABLE_STRICT_OBJC_MSGSEND = YES;
				GCC_C_LANGUAGE_STANDARD = gnu99;
				GCC_NO_COMMON_BLOCKS = YES;
				GCC_WARN_64_TO_32_BIT_CONVERSION = YES;
				GCC_WARN_ABOUT_RETURN_TYPE = YES_ERROR;
				GCC_WARN_UNDECLARED_SELECTOR = YES;
				GCC_WARN_UNINITIALIZED_AUTOS = YES_AGGRESSIVE;
				GCC_WARN_UNUSED_FUNCTION = YES;
				GCC_WARN_UNUSED_VARIABLE = YES;
				IPHONEOS_DEPLOYMENT_TARGET = 8.3;
				MTL_ENABLE_DEBUG_INFO = NO;
				SDKROOT = iphoneos;
				VALIDATE_PRODUCT = YES;
			};
			name = Release;
		};
		2917CF971B65C5070052732D /* Debug */ = {
			isa = XCBuildConfiguration;
			buildSettings = {
				ASSETCATALOG_COMPILER_APPICON_NAME = AppIcon;
				INFOPLIST_FILE = "UIView获取相对于屏幕的位置/Info.plist";
				LD_RUNPATH_SEARCH_PATHS = "$(inherited) @executable_path/Frameworks";
				PRODUCT_NAME = "$(TARGET_NAME)";
			};
			name = Debug;
		};
		2917CF981B65C5070052732D /* Release */ = {
			isa = XCBuildConfiguration;
			buildSettings = {
				ASSETCATALOG_COMPILER_APPICON_NAME = AppIcon;
				INFOPLIST_FILE = "UIView获取相对于屏幕的位置/Info.plist";
				LD_RUNPATH_SEARCH_PATHS = "$(inherited) @executable_path/Frameworks";
				PRODUCT_NAME = "$(TARGET_NAME)";
			};
			name = Release;
		};
		2917CF9A1B65C5070052732D /* Debug */ = {
			isa = XCBuildConfiguration;
			buildSettings = {
				BUNDLE_LOADER = "$(TEST_HOST)";
				FRAMEWORK_SEARCH_PATHS = (
					"$(SDKROOT)/Developer/Library/Frameworks",
					"$(inherited)",
				);
				GCC_PREPROCESSOR_DEFINITIONS = (
					"DEBUG=1",
					"$(inherited)",
				);
				INFOPLIST_FILE = "UIView获取相对于屏幕的位置Tests/Info.plist";
				LD_RUNPATH_SEARCH_PATHS = "$(inherited) @executable_path/Frameworks @loader_path/Frameworks";
				PRODUCT_NAME = "$(TARGET_NAME)";
				TEST_HOST = "$(BUILT_PRODUCTS_DIR)/UIView获取相对于屏幕的位置.app/UIView获取相对于屏幕的位置";
			};
			name = Debug;
		};
		2917CF9B1B65C5070052732D /* Release */ = {
			isa = XCBuildConfiguration;
			buildSettings = {
				BUNDLE_LOADER = "$(TEST_HOST)";
				FRAMEWORK_SEARCH_PATHS = (
					"$(SDKROOT)/Developer/Library/Frameworks",
					"$(inherited)",
				);
				INFOPLIST_FILE = "UIView获取相对于屏幕的位置Tests/Info.plist";
				LD_RUNPATH_SEARCH_PATHS = "$(inherited) @executable_path/Frameworks @loader_path/Frameworks";
				PRODUCT_NAME = "$(TARGET_NAME)";
				TEST_HOST = "$(BUILT_PRODUCTS_DIR)/UIView获取相对于屏幕的位置.app/UIView获取相对于屏幕的位置";
			};
			name = Release;
		};
/* End XCBuildConfiguration section */

/* Begin XCConfigurationList section */
		2917CF6E1B65C5070052732D /* Build configuration list for PBXProject "UIView获取相对于屏幕的位置" */ = {
			isa = XCConfigurationList;
			buildConfigurations = (
				2917CF941B65C5070052732D /* Debug */,
				2917CF951B65C5070052732D /* Release */,
			);
			defaultConfigurationIsVisible = 0;
			defaultConfigurationName = Release;
		};
		2917CF961B65C5070052732D /* Build configuration list for PBXNativeTarget "UIView获取相对于屏幕的位置" */ = {
			isa = XCConfigurationList;
			buildConfigurations = (
				2917CF971B65C5070052732D /* Debug */,
				2917CF981B65C5070052732D /* Release */,
			);
			defaultConfigurationIsVisible = 0;
		};
		2917CF991B65C5070052732D /* Build configuration list for PBXNativeTarget "UIView获取相对于屏幕的位置Tests" */ = {
			isa = XCConfigurationList;
			buildConfigurations = (
				2917CF9A1B65C5070052732D /* Debug */,
				2917CF9B1B65C5070052732D /* Release */,
			);
			defaultConfigurationIsVisible = 0;
		};
/* End XCConfigurationList section */
	};
	rootObject = 2917CF6B1B65C5070052732D /* Project object */;
}
