// !$*UTF8*$!
{
	archiveVersion = 1;
	classes = {
	};
	objectVersion = 46;
	objects = {

/* Begin PBXBuildFile section */
		2976BA681BBBAEF000E2F7C7 /* main.m in Sources */ = {isa = PBXBuildFile; fileRef = 2976BA671BBBAEF000E2F7C7 /* main.m */; };
/* End PBXBuildFile section */

/* Begin PBXCopyFilesBuildPhase section */
		2976BA621BBBAEF000E2F7C7 /* CopyFiles */ = {
			isa = PBXCopyFilesBuildPhase;
			buildActionMask = 2147483647;
			dstPath = /usr/share/man/man1/;
			dstSubfolderSpec = 0;
			files = (
			);
			runOnlyForDeploymentPostprocessing = 1;
		};
/* End PBXCopyFilesBuildPhase section */

/* Begin PBXFileReference section */
		2976BA641BBBAEF000E2F7C7 /* 枚举位运算 */ = {isa = PBXFileReference; explicitFileType = "compiled.mach-o.executable"; includeInIndex = 0; path = "枚举位运算"; sourceTree = BUILT_PRODUCTS_DIR; };
		2976BA671BBBAEF000E2F7C7 /* main.m */ = {isa = PBXFileReference; lastKnownFileType = sourcecode.c.objc; path = main.m; sourceTree = "<group>"; };
		29D6153B1C3267940097C585 /* 枚举位运算-Bridging-Header.h */ = {isa = PBXFileReference; lastKnownFileType = sourcecode.c.h; path = "枚举位运算-Bridging-Header.h"; sourceTree = "<group>"; };
/* End PBXFileReference section */

/* Begin PBXFrameworksBuildPhase section */
		2976BA611BBBAEF000E2F7C7 /* Frameworks */ = {
			isa = PBXFrameworksBuildPhase;
			buildActionMask = 2147483647;
			files = (
			);
			runOnlyForDeploymentPostprocessing = 0;
		};
/* End PBXFrameworksBuildPhase section */

/* Begin PBXGroup section */
		2976BA5B1BBBAEF000E2F7C7 = {
			isa = PBXGroup;
			children = (
				2976BA661BBBAEF000E2F7C7 /* 枚举位运算 */,
				2976BA651BBBAEF000E2F7C7 /* Products */,
			);
			sourceTree = "<group>";
		};
		2976BA651BBBAEF000E2F7C7 /* Products */ = {
			isa = PBXGroup;
			children = (
				2976BA641BBBAEF000E2F7C7 /* 枚举位运算 */,
			);
			name = Products;
			sourceTree = "<group>";
		};
		2976BA661BBBAEF000E2F7C7 /* 枚举位运算 */ = {
			isa = PBXGroup;
			children = (
				2976BA671BBBAEF000E2F7C7 /* main.m */,
				29D6153B1C3267940097C585 /* 枚举位运算-Bridging-Header.h */,
			);
			path = "枚举位运算";
			sourceTree = "<group>";
		};
/* End PBXGroup section */

/* Begin PBXNativeTarget section */
		2976BA631BBBAEF000E2F7C7 /* 枚举位运算 */ = {
			isa = PBXNativeTarget;
			buildConfigurationList = 2976BA6B1BBBAEF000E2F7C7 /* Build configuration list for PBXNativeTarget "枚举位运算" */;
			buildPhases = (
				2976BA601BBBAEF000E2F7C7 /* Sources */,
				2976BA611BBBAEF000E2F7C7 /* Frameworks */,
				2976BA621BBBAEF000E2F7C7 /* CopyFiles */,
			);
			buildRules = (
			);
			dependencies = (
			);
			name = "枚举位运算";
			productName = "枚举位运算";
			productReference = 2976BA641BBBAEF000E2F7C7 /* 枚举位运算 */;
			productType = "com.apple.product-type.tool";
		};
/* End PBXNativeTarget section */

/* Begin PBXProject section */
		2976BA5C1BBBAEF000E2F7C7 /* Project object */ = {
			isa = PBXProject;
			attributes = {
				LastSwiftUpdateCheck = 0720;
				LastUpgradeCheck = 0640;
				ORGANIZATIONNAME = lqq;
				TargetAttributes = {
					2976BA631BBBAEF000E2F7C7 = {
						CreatedOnToolsVersion = 6.4;
					};
				};
			};
			buildConfigurationList = 2976BA5F1BBBAEF000E2F7C7 /* Build configuration list for PBXProject "枚举位运算" */;
			compatibilityVersion = "Xcode 3.2";
			developmentRegion = English;
			hasScannedForEncodings = 0;
			knownRegions = (
				en,
			);
			mainGroup = 2976BA5B1BBBAEF000E2F7C7;
			productRefGroup = 2976BA651BBBAEF000E2F7C7 /* Products */;
			projectDirPath = "";
			projectRoot = "";
			targets = (
				2976BA631BBBAEF000E2F7C7 /* 枚举位运算 */,
			);
		};
/* End PBXProject section */

/* Begin PBXSourcesBuildPhase section */
		2976BA601BBBAEF000E2F7C7 /* Sources */ = {
			isa = PBXSourcesBuildPhase;
			buildActionMask = 2147483647;
			files = (
				2976BA681BBBAEF000E2F7C7 /* main.m in Sources */,
			);
			runOnlyForDeploymentPostprocessing = 0;
		};
/* End PBXSourcesBuildPhase section */

/* Begin XCBuildConfiguration section */
		2976BA691BBBAEF000E2F7C7 /* Debug */ = {
			isa = XCBuildConfiguration;
			buildSettings = {
				ALWAYS_SEARCH_USER_PATHS = NO;
				CLANG_CXX_LANGUAGE_STANDARD = "gnu++0x";
				CLANG_CXX_LIBRARY = "libc++";
				CLANG_ENABLE_MODULES = YES;
				CLANG_ENABLE_OBJC_ARC = YES;
				CLANG_WARN_BOOL_CONVERSION = YES;
				CLANG_WARN_CONSTANT_CONVERSION = YES;
				CLANG_WARN_DIRECT_OBJC_ISA_USAGE = YES_ERROR;
				CLANG_WARN_EMPTY_BODY = YES;
				CLANG_WARN_ENUM_CONVERSION = YES;
				CLANG_WARN_INT_CONVERSION = YES;
				CLANG_WARN_OBJC_ROOT_CLASS = YES_ERROR;
				CLANG_WARN_UNREACHABLE_CODE = YES;
				CLANG_WARN__DUPLICATE_METHOD_MATCH = YES;
				COPY_PHASE_STRIP = NO;
				DEBUG_INFORMATION_FORMAT = dwarf;
				ENABLE_STRICT_OBJC_MSGSEND = YES;
				GCC_C_LANGUAGE_STANDARD = gnu99;
				GCC_DYNAMIC_NO_PIC = NO;
				GCC_NO_COMMON_BLOCKS = YES;
				GCC_OPTIMIZATION_LEVEL = 0;
				GCC_PREPROCESSOR_DEFINITIONS = (
					"DEBUG=1",
					"$(inherited)",
				);
				GCC_SYMBOLS_PRIVATE_EXTERN = NO;
				GCC_WARN_64_TO_32_BIT_CONVERSION = YES;
				GCC_WARN_ABOUT_RETURN_TYPE = YES_ERROR;
				GCC_WARN_UNDECLARED_SELECTOR = YES;
				GCC_WARN_UNINITIALIZED_AUTOS = YES_AGGRESSIVE;
				GCC_WARN_UNUSED_FUNCTION = YES;
				GCC_WARN_UNUSED_VARIABLE = YES;
				MACOSX_DEPLOYMENT_TARGET = 10.10;
				MTL_ENABLE_DEBUG_INFO = YES;
				ONLY_ACTIVE_ARCH = YES;
				SDKROOT = macosx;
			};
			name = Debug;
		};
		2976BA6A1BBBAEF000E2F7C7 /* Release */ = {
			isa = XCBuildConfiguration;
			buildSettings = {
				ALWAYS_SEARCH_USER_PATHS = NO;
				CLANG_CXX_LANGUAGE_STANDARD = "gnu++0x";
				CLANG_CXX_LIBRARY = "libc++";
				CLANG_ENABLE_MODULES = YES;
				CLANG_ENABLE_OBJC_ARC = YES;
				CLANG_WARN_BOOL_CONVERSION = YES;
				CLANG_WARN_CONSTANT_CONVERSION = YES;
				CLANG_WARN_DIRECT_OBJC_ISA_USAGE = YES_ERROR;
				CLANG_WARN_EMPTY_BODY = YES;
				CLANG_WARN_ENUM_CONVERSION = YES;
				CLANG_WARN_INT_CONVERSION = YES;
				CLANG_WARN_OBJC_ROOT_CLASS = YES_ERROR;
				CLANG_WARN_UNREACHABLE_CODE = YES;
				CLANG_WARN__DUPLICATE_METHOD_MATCH = YES;
				COPY_PHASE_STRIP = NO;
				DEBUG_INFORMATION_FORMAT = "dwarf-with-dsym";
				ENABLE_NS_ASSERTIONS = NO;
				ENABLE_STRICT_OBJC_MSGSEND = YES;
				GCC_C_LANGUAGE_STANDARD = gnu99;
				GCC_NO_COMMON_BLOCKS = YES;
				GCC_WARN_64_TO_32_BIT_CONVERSION = YES;
				GCC_WARN_ABOUT_RETURN_TYPE = YES_ERROR;
				GCC_WARN_UNDECLARED_SELECTOR = YES;
				GCC_WARN_UNINITIALIZED_AUTOS = YES_AGGRESSIVE;
				GCC_WARN_UNUSED_FUNCTION = YES;
				GCC_WARN_UNUSED_VARIABLE = YES;
				MACOSX_DEPLOYMENT_TARGET = 10.10;
				MTL_ENABLE_DEBUG_INFO = NO;
				SDKROOT = macosx;
			};
			name = Release;
		};
		2976BA6C1BBBAEF000E2F7C7 /* Debug */ = {
			isa = XCBuildConfiguration;
			buildSettings = {
				CLANG_ENABLE_MODULES = YES;
				LD_RUNPATH_SEARCH_PATHS = "$(inherited) @executable_path/../Frameworks @loader_path/../Frameworks";
				PRODUCT_NAME = "$(TARGET_NAME)";
				SWIFT_OBJC_BRIDGING_HEADER = "枚举位运算/枚举位运算-Bridging-Header.h";
				SWIFT_OPTIMIZATION_LEVEL = "-Onone";
			};
			name = Debug;
		};
		2976BA6D1BBBAEF000E2F7C7 /* Release */ = {
			isa = XCBuildConfiguration;
			buildSettings = {
				CLANG_ENABLE_MODULES = YES;
				LD_RUNPATH_SEARCH_PATHS = "$(inherited) @executable_path/../Frameworks @loader_path/../Frameworks";
				PRODUCT_NAME = "$(TARGET_NAME)";
				SWIFT_OBJC_BRIDGING_HEADER = "枚举位运算/枚举位运算-Bridging-Header.h";
			};
			name = Release;
		};
/* End XCBuildConfiguration section */

/* Begin XCConfigurationList section */
		2976BA5F1BBBAEF000E2F7C7 /* Build configuration list for PBXProject "枚举位运算" */ = {
			isa = XCConfigurationList;
			buildConfigurations = (
				2976BA691BBBAEF000E2F7C7 /* Debug */,
				2976BA6A1BBBAEF000E2F7C7 /* Release */,
			);
			defaultConfigurationIsVisible = 0;
			defaultConfigurationName = Release;
		};
		2976BA6B1BBBAEF000E2F7C7 /* Build configuration list for PBXNativeTarget "枚举位运算" */ = {
			isa = XCConfigurationList;
			buildConfigurations = (
				2976BA6C1BBBAEF000E2F7C7 /* Debug */,
				2976BA6D1BBBAEF000E2F7C7 /* Release */,
			);
			defaultConfigurationIsVisible = 0;
			defaultConfigurationName = Release;
		};
/* End XCConfigurationList section */
	};
	rootObject = 2976BA5C1BBBAEF000E2F7C7 /* Project object */;
}
