// !$*UTF8*$!
{
	archiveVersion = 1;
	classes = {
	};
	objectVersion = 46;
	objects = {

/* Begin PBXBuildFile section */
		81B062AC1945B266003C9845 /* Foundation.framework in Frameworks */ = {isa = PBXBuildFile; fileRef = 81B062AB1945B266003C9845 /* Foundation.framework */; };
		81B062AE1945B266003C9845 /* CoreGraphics.framework in Frameworks */ = {isa = PBXBuildFile; fileRef = 81B062AD1945B266003C9845 /* CoreGraphics.framework */; };
		81B062B01945B266003C9845 /* UIKit.framework in Frameworks */ = {isa = PBXBuildFile; fileRef = 81B062AF1945B266003C9845 /* UIKit.framework */; };
		81B062B61945B266003C9845 /* InfoPlist.strings in Resources */ = {isa = PBXBuildFile; fileRef = 81B062B41945B266003C9845 /* InfoPlist.strings */; };
		81B062B81945B266003C9845 /* main.m in Sources */ = {isa = PBXBuildFile; fileRef = 81B062B71945B266003C9845 /* main.m */; };
		81B062BC1945B266003C9845 /* RLSampleAppDelegate.m in Sources */ = {isa = PBXBuildFile; fileRef = 81B062BB1945B266003C9845 /* RLSampleAppDelegate.m */; };
		81B062BF1945B266003C9845 /* Main.storyboard in Resources */ = {isa = PBXBuildFile; fileRef = 81B062BD1945B266003C9845 /* Main.storyboard */; };
		81B062C21945B266003C9845 /* RLSampleViewController.m in Sources */ = {isa = PBXBuildFile; fileRef = 81B062C11945B266003C9845 /* RLSampleViewController.m */; };
		81B062C41945B266003C9845 /* Images.xcassets in Resources */ = {isa = PBXBuildFile; fileRef = 81B062C31945B266003C9845 /* Images.xcassets */; };
		81B062CB1945B266003C9845 /* XCTest.framework in Frameworks */ = {isa = PBXBuildFile; fileRef = 81B062CA1945B266003C9845 /* XCTest.framework */; };
		81B062CC1945B266003C9845 /* Foundation.framework in Frameworks */ = {isa = PBXBuildFile; fileRef = 81B062AB1945B266003C9845 /* Foundation.framework */; };
		81B062CD1945B266003C9845 /* UIKit.framework in Frameworks */ = {isa = PBXBuildFile; fileRef = 81B062AF1945B266003C9845 /* UIKit.framework */; };
		81B062D51945B266003C9845 /* InfoPlist.strings in Resources */ = {isa = PBXBuildFile; fileRef = 81B062D31945B266003C9845 /* InfoPlist.strings */; };
		81B062D71945B266003C9845 /* NSRunLoopSampleTests.m in Sources */ = {isa = PBXBuildFile; fileRef = 81B062D61945B266003C9845 /* NSRunLoopSampleTests.m */; };
/* End PBXBuildFile section */

/* Begin PBXContainerItemProxy section */
		81B062CE1945B266003C9845 /* PBXContainerItemProxy */ = {
			isa = PBXContainerItemProxy;
			containerPortal = 81B062A01945B266003C9845 /* Project object */;
			proxyType = 1;
			remoteGlobalIDString = 81B062A71945B266003C9845;
			remoteInfo = NSRunLoopSample;
		};
/* End PBXContainerItemProxy section */

/* Begin PBXFileReference section */
		81B062A81945B266003C9845 /* NSRunLoopSample.app */ = {isa = PBXFileReference; explicitFileType = wrapper.application; includeInIndex = 0; path = NSRunLoopSample.app; sourceTree = BUILT_PRODUCTS_DIR; };
		81B062AB1945B266003C9845 /* Foundation.framework */ = {isa = PBXFileReference; lastKnownFileType = wrapper.framework; name = Foundation.framework; path = System/Library/Frameworks/Foundation.framework; sourceTree = SDKROOT; };
		81B062AD1945B266003C9845 /* CoreGraphics.framework */ = {isa = PBXFileReference; lastKnownFileType = wrapper.framework; name = CoreGraphics.framework; path = System/Library/Frameworks/CoreGraphics.framework; sourceTree = SDKROOT; };
		81B062AF1945B266003C9845 /* UIKit.framework */ = {isa = PBXFileReference; lastKnownFileType = wrapper.framework; name = UIKit.framework; path = System/Library/Frameworks/UIKit.framework; sourceTree = SDKROOT; };
		81B062B31945B266003C9845 /* NSRunLoopSample-Info.plist */ = {isa = PBXFileReference; lastKnownFileType = text.plist.xml; path = "NSRunLoopSample-Info.plist"; sourceTree = "<group>"; };
		81B062B51945B266003C9845 /* en */ = {isa = PBXFileReference; lastKnownFileType = text.plist.strings; name = en; path = en.lproj/InfoPlist.strings; sourceTree = "<group>"; };
		81B062B71945B266003C9845 /* main.m */ = {isa = PBXFileReference; lastKnownFileType = sourcecode.c.objc; path = main.m; sourceTree = "<group>"; };
		81B062B91945B266003C9845 /* NSRunLoopSample-Prefix.pch */ = {isa = PBXFileReference; lastKnownFileType = sourcecode.c.h; path = "NSRunLoopSample-Prefix.pch"; sourceTree = "<group>"; };
		81B062BA1945B266003C9845 /* RLSampleAppDelegate.h */ = {isa = PBXFileReference; lastKnownFileType = sourcecode.c.h; path = RLSampleAppDelegate.h; sourceTree = "<group>"; };
		81B062BB1945B266003C9845 /* RLSampleAppDelegate.m */ = {isa = PBXFileReference; lastKnownFileType = sourcecode.c.objc; path = RLSampleAppDelegate.m; sourceTree = "<group>"; };
		81B062BE1945B266003C9845 /* Base */ = {isa = PBXFileReference; lastKnownFileType = file.storyboard; name = Base; path = Base.lproj/Main.storyboard; sourceTree = "<group>"; };
		81B062C01945B266003C9845 /* RLSampleViewController.h */ = {isa = PBXFileReference; lastKnownFileType = sourcecode.c.h; path = RLSampleViewController.h; sourceTree = "<group>"; };
		81B062C11945B266003C9845 /* RLSampleViewController.m */ = {isa = PBXFileReference; lastKnownFileType = sourcecode.c.objc; path = RLSampleViewController.m; sourceTree = "<group>"; };
		81B062C31945B266003C9845 /* Images.xcassets */ = {isa = PBXFileReference; lastKnownFileType = folder.assetcatalog; path = Images.xcassets; sourceTree = "<group>"; };
		81B062C91945B266003C9845 /* NSRunLoopSampleTests.xctest */ = {isa = PBXFileReference; explicitFileType = wrapper.cfbundle; includeInIndex = 0; path = NSRunLoopSampleTests.xctest; sourceTree = BUILT_PRODUCTS_DIR; };
		81B062CA1945B266003C9845 /* XCTest.framework */ = {isa = PBXFileReference; lastKnownFileType = wrapper.framework; name = XCTest.framework; path = Library/Frameworks/XCTest.framework; sourceTree = DEVELOPER_DIR; };
		81B062D21945B266003C9845 /* NSRunLoopSampleTests-Info.plist */ = {isa = PBXFileReference; lastKnownFileType = text.plist.xml; path = "NSRunLoopSampleTests-Info.plist"; sourceTree = "<group>"; };
		81B062D41945B266003C9845 /* en */ = {isa = PBXFileReference; lastKnownFileType = text.plist.strings; name = en; path = en.lproj/InfoPlist.strings; sourceTree = "<group>"; };
		81B062D61945B266003C9845 /* NSRunLoopSampleTests.m */ = {isa = PBXFileReference; lastKnownFileType = sourcecode.c.objc; path = NSRunLoopSampleTests.m; sourceTree = "<group>"; };
/* End PBXFileReference section */

/* Begin PBXFrameworksBuildPhase section */
		81B062A51945B266003C9845 /* Frameworks */ = {
			isa = PBXFrameworksBuildPhase;
			buildActionMask = 2147483647;
			files = (
				81B062AE1945B266003C9845 /* CoreGraphics.framework in Frameworks */,
				81B062B01945B266003C9845 /* UIKit.framework in Frameworks */,
				81B062AC1945B266003C9845 /* Foundation.framework in Frameworks */,
			);
			runOnlyForDeploymentPostprocessing = 0;
		};
		81B062C61945B266003C9845 /* Frameworks */ = {
			isa = PBXFrameworksBuildPhase;
			buildActionMask = 2147483647;
			files = (
				81B062CB1945B266003C9845 /* XCTest.framework in Frameworks */,
				81B062CD1945B266003C9845 /* UIKit.framework in Frameworks */,
				81B062CC1945B266003C9845 /* Foundation.framework in Frameworks */,
			);
			runOnlyForDeploymentPostprocessing = 0;
		};
/* End PBXFrameworksBuildPhase section */

/* Begin PBXGroup section */
		81B0629F1945B266003C9845 = {
			isa = PBXGroup;
			children = (
				81B062B11945B266003C9845 /* NSRunLoopSample */,
				81B062D01945B266003C9845 /* NSRunLoopSampleTests */,
				81B062AA1945B266003C9845 /* Frameworks */,
				81B062A91945B266003C9845 /* Products */,
			);
			sourceTree = "<group>";
		};
		81B062A91945B266003C9845 /* Products */ = {
			isa = PBXGroup;
			children = (
				81B062A81945B266003C9845 /* NSRunLoopSample.app */,
				81B062C91945B266003C9845 /* NSRunLoopSampleTests.xctest */,
			);
			name = Products;
			sourceTree = "<group>";
		};
		81B062AA1945B266003C9845 /* Frameworks */ = {
			isa = PBXGroup;
			children = (
				81B062AB1945B266003C9845 /* Foundation.framework */,
				81B062AD1945B266003C9845 /* CoreGraphics.framework */,
				81B062AF1945B266003C9845 /* UIKit.framework */,
				81B062CA1945B266003C9845 /* XCTest.framework */,
			);
			name = Frameworks;
			sourceTree = "<group>";
		};
		81B062B11945B266003C9845 /* NSRunLoopSample */ = {
			isa = PBXGroup;
			children = (
				81B062BA1945B266003C9845 /* RLSampleAppDelegate.h */,
				81B062BB1945B266003C9845 /* RLSampleAppDelegate.m */,
				81B062BD1945B266003C9845 /* Main.storyboard */,
				81B062C01945B266003C9845 /* RLSampleViewController.h */,
				81B062C11945B266003C9845 /* RLSampleViewController.m */,
				81B062C31945B266003C9845 /* Images.xcassets */,
				81B062B21945B266003C9845 /* Supporting Files */,
			);
			path = NSRunLoopSample;
			sourceTree = "<group>";
		};
		81B062B21945B266003C9845 /* Supporting Files */ = {
			isa = PBXGroup;
			children = (
				81B062B31945B266003C9845 /* NSRunLoopSample-Info.plist */,
				81B062B41945B266003C9845 /* InfoPlist.strings */,
				81B062B71945B266003C9845 /* main.m */,
				81B062B91945B266003C9845 /* NSRunLoopSample-Prefix.pch */,
			);
			name = "Supporting Files";
			sourceTree = "<group>";
		};
		81B062D01945B266003C9845 /* NSRunLoopSampleTests */ = {
			isa = PBXGroup;
			children = (
				81B062D61945B266003C9845 /* NSRunLoopSampleTests.m */,
				81B062D11945B266003C9845 /* Supporting Files */,
			);
			path = NSRunLoopSampleTests;
			sourceTree = "<group>";
		};
		81B062D11945B266003C9845 /* Supporting Files */ = {
			isa = PBXGroup;
			children = (
				81B062D21945B266003C9845 /* NSRunLoopSampleTests-Info.plist */,
				81B062D31945B266003C9845 /* InfoPlist.strings */,
			);
			name = "Supporting Files";
			sourceTree = "<group>";
		};
/* End PBXGroup section */

/* Begin PBXNativeTarget section */
		81B062A71945B266003C9845 /* NSRunLoopSample */ = {
			isa = PBXNativeTarget;
			buildConfigurationList = 81B062DA1945B266003C9845 /* Build configuration list for PBXNativeTarget "NSRunLoopSample" */;
			buildPhases = (
				81B062A41945B266003C9845 /* Sources */,
				81B062A51945B266003C9845 /* Frameworks */,
				81B062A61945B266003C9845 /* Resources */,
			);
			buildRules = (
			);
			dependencies = (
			);
			name = NSRunLoopSample;
			productName = NSRunLoopSample;
			productReference = 81B062A81945B266003C9845 /* NSRunLoopSample.app */;
			productType = "com.apple.product-type.application";
		};
		81B062C81945B266003C9845 /* NSRunLoopSampleTests */ = {
			isa = PBXNativeTarget;
			buildConfigurationList = 81B062DD1945B266003C9845 /* Build configuration list for PBXNativeTarget "NSRunLoopSampleTests" */;
			buildPhases = (
				81B062C51945B266003C9845 /* Sources */,
				81B062C61945B266003C9845 /* Frameworks */,
				81B062C71945B266003C9845 /* Resources */,
			);
			buildRules = (
			);
			dependencies = (
				81B062CF1945B266003C9845 /* PBXTargetDependency */,
			);
			name = NSRunLoopSampleTests;
			productName = NSRunLoopSampleTests;
			productReference = 81B062C91945B266003C9845 /* NSRunLoopSampleTests.xctest */;
			productType = "com.apple.product-type.bundle.unit-test";
		};
/* End PBXNativeTarget section */

/* Begin PBXProject section */
		81B062A01945B266003C9845 /* Project object */ = {
			isa = PBXProject;
			attributes = {
				CLASSPREFIX = RLSample;
				LastUpgradeCheck = 0510;
				ORGANIZATIONNAME = KentaAkimoto;
				TargetAttributes = {
					81B062C81945B266003C9845 = {
						TestTargetID = 81B062A71945B266003C9845;
					};
				};
			};
			buildConfigurationList = 81B062A31945B266003C9845 /* Build configuration list for PBXProject "NSRunLoopSample" */;
			compatibilityVersion = "Xcode 3.2";
			developmentRegion = English;
			hasScannedForEncodings = 0;
			knownRegions = (
				en,
				Base,
			);
			mainGroup = 81B0629F1945B266003C9845;
			productRefGroup = 81B062A91945B266003C9845 /* Products */;
			projectDirPath = "";
			projectRoot = "";
			targets = (
				81B062A71945B266003C9845 /* NSRunLoopSample */,
				81B062C81945B266003C9845 /* NSRunLoopSampleTests */,
			);
		};
/* End PBXProject section */

/* Begin PBXResourcesBuildPhase section */
		81B062A61945B266003C9845 /* Resources */ = {
			isa = PBXResourcesBuildPhase;
			buildActionMask = 2147483647;
			files = (
				81B062C41945B266003C9845 /* Images.xcassets in Resources */,
				81B062B61945B266003C9845 /* InfoPlist.strings in Resources */,
				81B062BF1945B266003C9845 /* Main.storyboard in Resources */,
			);
			runOnlyForDeploymentPostprocessing = 0;
		};
		81B062C71945B266003C9845 /* Resources */ = {
			isa = PBXResourcesBuildPhase;
			buildActionMask = 2147483647;
			files = (
				81B062D51945B266003C9845 /* InfoPlist.strings in Resources */,
			);
			runOnlyForDeploymentPostprocessing = 0;
		};
/* End PBXResourcesBuildPhase section */

/* Begin PBXSourcesBuildPhase section */
		81B062A41945B266003C9845 /* Sources */ = {
			isa = PBXSourcesBuildPhase;
			buildActionMask = 2147483647;
			files = (
				81B062BC1945B266003C9845 /* RLSampleAppDelegate.m in Sources */,
				81B062C21945B266003C9845 /* RLSampleViewController.m in Sources */,
				81B062B81945B266003C9845 /* main.m in Sources */,
			);
			runOnlyForDeploymentPostprocessing = 0;
		};
		81B062C51945B266003C9845 /* Sources */ = {
			isa = PBXSourcesBuildPhase;
			buildActionMask = 2147483647;
			files = (
				81B062D71945B266003C9845 /* NSRunLoopSampleTests.m in Sources */,
			);
			runOnlyForDeploymentPostprocessing = 0;
		};
/* End PBXSourcesBuildPhase section */

/* Begin PBXTargetDependency section */
		81B062CF1945B266003C9845 /* PBXTargetDependency */ = {
			isa = PBXTargetDependency;
			target = 81B062A71945B266003C9845 /* NSRunLoopSample */;
			targetProxy = 81B062CE1945B266003C9845 /* PBXContainerItemProxy */;
		};
/* End PBXTargetDependency section */

/* Begin PBXVariantGroup section */
		81B062B41945B266003C9845 /* InfoPlist.strings */ = {
			isa = PBXVariantGroup;
			children = (
				81B062B51945B266003C9845 /* en */,
			);
			name = InfoPlist.strings;
			sourceTree = "<group>";
		};
		81B062BD1945B266003C9845 /* Main.storyboard */ = {
			isa = PBXVariantGroup;
			children = (
				81B062BE1945B266003C9845 /* Base */,
			);
			name = Main.storyboard;
			sourceTree = "<group>";
		};
		81B062D31945B266003C9845 /* InfoPlist.strings */ = {
			isa = PBXVariantGroup;
			children = (
				81B062D41945B266003C9845 /* en */,
			);
			name = InfoPlist.strings;
			sourceTree = "<group>";
		};
/* End PBXVariantGroup section */

/* Begin XCBuildConfiguration section */
		81B062D81945B266003C9845 /* Debug */ = {
			isa = XCBuildConfiguration;
			buildSettings = {
				ALWAYS_SEARCH_USER_PATHS = NO;
				CLANG_CXX_LANGUAGE_STANDARD = "gnu++0x";
				CLANG_CXX_LIBRARY = "libc++";
				CLANG_ENABLE_MODULES = YES;
				CLANG_ENABLE_OBJC_ARC = YES;
				CLANG_WARN_BOOL_CONVERSION = YES;
				CLANG_WARN_CONSTANT_CONVERSION = YES;
				CLANG_WARN_DIRECT_OBJC_ISA_USAGE = YES_ERROR;
				CLANG_WARN_EMPTY_BODY = YES;
				CLANG_WARN_ENUM_CONVERSION = YES;
				CLANG_WARN_INT_CONVERSION = YES;
				CLANG_WARN_OBJC_ROOT_CLASS = YES_ERROR;
				CLANG_WARN__DUPLICATE_METHOD_MATCH = YES;
				"CODE_SIGN_IDENTITY[sdk=iphoneos*]" = "iPhone Developer";
				COPY_PHASE_STRIP = NO;
				GCC_C_LANGUAGE_STANDARD = gnu99;
				GCC_DYNAMIC_NO_PIC = NO;
				GCC_OPTIMIZATION_LEVEL = 0;
				GCC_PREPROCESSOR_DEFINITIONS = (
					"DEBUG=1",
					"$(inherited)",
				);
				GCC_SYMBOLS_PRIVATE_EXTERN = NO;
				GCC_WARN_64_TO_32_BIT_CONVERSION = YES;
				GCC_WARN_ABOUT_RETURN_TYPE = YES_ERROR;
				GCC_WARN_UNDECLARED_SELECTOR = YES;
				GCC_WARN_UNINITIALIZED_AUTOS = YES_AGGRESSIVE;
				GCC_WARN_UNUSED_FUNCTION = YES;
				GCC_WARN_UNUSED_VARIABLE = YES;
				IPHONEOS_DEPLOYMENT_TARGET = 7.1;
				ONLY_ACTIVE_ARCH = YES;
				SDKROOT = iphoneos;
			};
			name = Debug;
		};
		81B062D91945B266003C9845 /* Release */ = {
			isa = XCBuildConfiguration;
			buildSettings = {
				ALWAYS_SEARCH_USER_PATHS = NO;
				CLANG_CXX_LANGUAGE_STANDARD = "gnu++0x";
				CLANG_CXX_LIBRARY = "libc++";
				CLANG_ENABLE_MODULES = YES;
				CLANG_ENABLE_OBJC_ARC = YES;
				CLANG_WARN_BOOL_CONVERSION = YES;
				CLANG_WARN_CONSTANT_CONVERSION = YES;
				CLANG_WARN_DIRECT_OBJC_ISA_USAGE = YES_ERROR;
				CLANG_WARN_EMPTY_BODY = YES;
				CLANG_WARN_ENUM_CONVERSION = YES;
				CLANG_WARN_INT_CONVERSION = YES;
				CLANG_WARN_OBJC_ROOT_CLASS = YES_ERROR;
				CLANG_WARN__DUPLICATE_METHOD_MATCH = YES;
				"CODE_SIGN_IDENTITY[sdk=iphoneos*]" = "iPhone Developer";
				COPY_PHASE_STRIP = YES;
				ENABLE_NS_ASSERTIONS = NO;
				GCC_C_LANGUAGE_STANDARD = gnu99;
				GCC_WARN_64_TO_32_BIT_CONVERSION = YES;
				GCC_WARN_ABOUT_RETURN_TYPE = YES_ERROR;
				GCC_WARN_UNDECLARED_SELECTOR = YES;
				GCC_WARN_UNINITIALIZED_AUTOS = YES_AGGRESSIVE;
				GCC_WARN_UNUSED_FUNCTION = YES;
				GCC_WARN_UNUSED_VARIABLE = YES;
				IPHONEOS_DEPLOYMENT_TARGET = 7.1;
				SDKROOT = iphoneos;
				VALIDATE_PRODUCT = YES;
			};
			name = Release;
		};
		81B062DB1945B266003C9845 /* Debug */ = {
			isa = XCBuildConfiguration;
			buildSettings = {
				ASSETCATALOG_COMPILER_APPICON_NAME = AppIcon;
				ASSETCATALOG_COMPILER_LAUNCHIMAGE_NAME = LaunchImage;
				GCC_PRECOMPILE_PREFIX_HEADER = YES;
				GCC_PREFIX_HEADER = "NSRunLoopSample/NSRunLoopSample-Prefix.pch";
				INFOPLIST_FILE = "NSRunLoopSample/NSRunLoopSample-Info.plist";
				PRODUCT_NAME = "$(TARGET_NAME)";
				WRAPPER_EXTENSION = app;
			};
			name = Debug;
		};
		81B062DC1945B266003C9845 /* Release */ = {
			isa = XCBuildConfiguration;
			buildSettings = {
				ASSETCATALOG_COMPILER_APPICON_NAME = AppIcon;
				ASSETCATALOG_COMPILER_LAUNCHIMAGE_NAME = LaunchImage;
				GCC_PRECOMPILE_PREFIX_HEADER = YES;
				GCC_PREFIX_HEADER = "NSRunLoopSample/NSRunLoopSample-Prefix.pch";
				INFOPLIST_FILE = "NSRunLoopSample/NSRunLoopSample-Info.plist";
				PRODUCT_NAME = "$(TARGET_NAME)";
				WRAPPER_EXTENSION = app;
			};
			name = Release;
		};
		81B062DE1945B266003C9845 /* Debug */ = {
			isa = XCBuildConfiguration;
			buildSettings = {
				BUNDLE_LOADER = "$(BUILT_PRODUCTS_DIR)/NSRunLoopSample.app/NSRunLoopSample";
				FRAMEWORK_SEARCH_PATHS = (
					"$(SDKROOT)/Developer/Library/Frameworks",
					"$(inherited)",
					"$(DEVELOPER_FRAMEWORKS_DIR)",
				);
				GCC_PRECOMPILE_PREFIX_HEADER = YES;
				GCC_PREFIX_HEADER = "NSRunLoopSample/NSRunLoopSample-Prefix.pch";
				GCC_PREPROCESSOR_DEFINITIONS = (
					"DEBUG=1",
					"$(inherited)",
				);
				INFOPLIST_FILE = "NSRunLoopSampleTests/NSRunLoopSampleTests-Info.plist";
				PRODUCT_NAME = "$(TARGET_NAME)";
				TEST_HOST = "$(BUNDLE_LOADER)";
				WRAPPER_EXTENSION = xctest;
			};
			name = Debug;
		};
		81B062DF1945B266003C9845 /* Release */ = {
			isa = XCBuildConfiguration;
			buildSettings = {
				BUNDLE_LOADER = "$(BUILT_PRODUCTS_DIR)/NSRunLoopSample.app/NSRunLoopSample";
				FRAMEWORK_SEARCH_PATHS = (
					"$(SDKROOT)/Developer/Library/Frameworks",
					"$(inherited)",
					"$(DEVELOPER_FRAMEWORKS_DIR)",
				);
				GCC_PRECOMPILE_PREFIX_HEADER = YES;
				GCC_PREFIX_HEADER = "NSRunLoopSample/NSRunLoopSample-Prefix.pch";
				INFOPLIST_FILE = "NSRunLoopSampleTests/NSRunLoopSampleTests-Info.plist";
				PRODUCT_NAME = "$(TARGET_NAME)";
				TEST_HOST = "$(BUNDLE_LOADER)";
				WRAPPER_EXTENSION = xctest;
			};
			name = Release;
		};
/* End XCBuildConfiguration section */

/* Begin XCConfigurationList section */
		81B062A31945B266003C9845 /* Build configuration list for PBXProject "NSRunLoopSample" */ = {
			isa = XCConfigurationList;
			buildConfigurations = (
				81B062D81945B266003C9845 /* Debug */,
				81B062D91945B266003C9845 /* Release */,
			);
			defaultConfigurationIsVisible = 0;
			defaultConfigurationName = Release;
		};
		81B062DA1945B266003C9845 /* Build configuration list for PBXNativeTarget "NSRunLoopSample" */ = {
			isa = XCConfigurationList;
			buildConfigurations = (
				81B062DB1945B266003C9845 /* Debug */,
				81B062DC1945B266003C9845 /* Release */,
			);
			defaultConfigurationIsVisible = 0;
		};
		81B062DD1945B266003C9845 /* Build configuration list for PBXNativeTarget "NSRunLoopSampleTests" */ = {
			isa = XCConfigurationList;
			buildConfigurations = (
				81B062DE1945B266003C9845 /* Debug */,
				81B062DF1945B266003C9845 /* Release */,
			);
			defaultConfigurationIsVisible = 0;
		};
/* End XCConfigurationList section */
	};
	rootObject = 81B062A01945B266003C9845 /* Project object */;
}
